
Microsoft Visual Studio Solution File, Format Version 12.00
# Visual Studio 14
VisualStudioVersion = 14.0.25420.1
MinimumVisualStudioVersion = 10.0.40219.1
Project("{6870E480-7721-4708-BFB8-9AE898AA21B3}") = "TabularExample", "TabularExample\TabularExample.smproj", "{8CE414BB-95B2-4C99-9E03-51BA72086E22}"
EndProject
Project("{2150E333-8FDC-42A3-9474-1A3956D46DE8}") = "scripts", "scripts", "{B3A85703-E98E-4BF7-A8D9-3CB3A31578B0}"
	ProjectSection(SolutionItems) = preProject
		deploy_model.ps1 = deploy_model.ps1
		refresh.ps1 = refresh.ps1
		run_validation.ps1 = run_validation.ps1
	EndProjectSection
EndProject
Project("{2150E333-8FDC-42A3-9474-1A3956D46DE8}") = "deploymentoptions", "deploymentoptions", "{97E4582E-C490-48B3-8B7F-BF4EEB746C4E}"
	ProjectSection(SolutionItems) = preProject
		..\deploymentoptions\Model.configsettings = ..\deploymentoptions\Model.configsettings
		deploymenttoptions\Model.deploymentoptions = deploymenttoptions\Model.deploymentoptions
		..\deploymentoptions\Model.deploymenttargets = ..\deploymentoptions\Model.deploymenttargets
	EndProjectSection
EndProject
Global
	GlobalSection(SolutionConfigurationPlatforms) = preSolution
		Development|x86 = Development|x86
	EndGlobalSection
	GlobalSection(ProjectConfigurationPlatforms) = postSolution
		{8CE414BB-95B2-4C99-9E03-51BA72086E22}.Development|x86.ActiveCfg = Development|x86
		{8CE414BB-95B2-4C99-9E03-51BA72086E22}.Development|x86.Build.0 = Development|x86
		{8CE414BB-95B2-4C99-9E03-51BA72086E22}.Development|x86.Deploy.0 = Development|x86
	EndGlobalSection
	GlobalSection(SolutionProperties) = preSolution
		HideSolutionNode = FALSE
	EndGlobalSection
EndGlobal
